
Microsoft Visual Studio Solution File, Format Version 12.00
# Visual Studio Version 16
VisualStudioVersion = 16.0.30621.155
MinimumVisualStudioVersion = 10.0.40219.1
Project("{FAE04EC0-301F-11D3-BF4B-00C04F79EFBC}") = "SuretysAPI", "SuretysAPI\SuretysAPI.csproj", "{38D27691-1157-468B-8E24-2D76BE986C74}"
EndProject
Global
	GlobalSection(SolutionConfigurationPlatforms) = preSolution
		Debug|Any CPU = Debug|Any CPU
		Release|Any CPU = Release|Any CPU
	EndGlobalSection
	GlobalSection(ProjectConfigurationPlatforms) = postSolution
		{38D27691-1157-468B-8E24-2D76BE986C74}.Debug|Any CPU.ActiveCfg = Debug|Any CPU
		{38D27691-1157-468B-8E24-2D76BE986C74}.Debug|Any CPU.Build.0 = Debug|Any CPU
		{38D27691-1157-468B-8E24-2D76BE986C74}.Release|Any CPU.ActiveCfg = Release|Any CPU
		{38D27691-1157-468B-8E24-2D76BE986C74}.Release|Any CPU.Build.0 = Release|Any CPU
	EndGlobalSection
	GlobalSection(SolutionProperties) = preSolution
		HideSolutionNode = FALSE
	EndGlobalSection
	GlobalSection(ExtensibilityGlobals) = postSolution
		SolutionGuid = {4A04FA4D-B60F-4C73-A495-1DE56FB8B54C}
	EndGlobalSection
EndGlobal
